// !$*UTF8*$!
{
	archiveVersion = 1;
	classes = {
	};
	objectVersion = 56;
	objects = {

/* Begin PBXBuildFile section */
		0440906729C2DA4200C5195C /* AppDelegate.m in Sources */ = {isa = PBXBuildFile; fileRef = 0440906629C2DA4200C5195C /* AppDelegate.m */; };
		0440906A29C2DA4200C5195C /* SceneDelegate.m in Sources */ = {isa = PBXBuildFile; fileRef = 0440906929C2DA4200C5195C /* SceneDelegate.m */; };
		0440906D29C2DA4200C5195C /* ViewController.m in Sources */ = {isa = PBXBuildFile; fileRef = 0440906C29C2DA4200C5195C /* ViewController.m */; };
		0440907029C2DA4200C5195C /* Main.storyboard in Resources */ = {isa = PBXBuildFile; fileRef = 0440906E29C2DA4200C5195C /* Main.storyboard */; };
		0440907229C2DA4500C5195C /* Assets.xcassets in Resources */ = {isa = PBXBuildFile; fileRef = 0440907129C2DA4500C5195C /* Assets.xcassets */; };
		0440907529C2DA4500C5195C /* LaunchScreen.storyboard in Resources */ = {isa = PBXBuildFile; fileRef = 0440907329C2DA4500C5195C /* LaunchScreen.storyboard */; };
		0440907829C2DA4500C5195C /* main.m in Sources */ = {isa = PBXBuildFile; fileRef = 0440907729C2DA4500C5195C /* main.m */; };
		0440908329C3507B00C5195C /* CALayerViewController.m in Sources */ = {isa = PBXBuildFile; fileRef = 0440908229C3507B00C5195C /* CALayerViewController.m */; };
		0440908629C851C400C5195C /* ResizableImageWithCapInsets.m in Sources */ = {isa = PBXBuildFile; fileRef = 0440908529C851C400C5195C /* ResizableImageWithCapInsets.m */; };
		0440908A29C85E9200C5195C /* BezierPath.m in Sources */ = {isa = PBXBuildFile; fileRef = 0440908929C85E9200C5195C /* BezierPath.m */; };
		0440908D29C9A39A00C5195C /* DrawRect.m in Sources */ = {isa = PBXBuildFile; fileRef = 0440908C29C9A39A00C5195C /* DrawRect.m */; };
		0440909029C9A40C00C5195C /* CustomCircleView.m in Sources */ = {isa = PBXBuildFile; fileRef = 0440908F29C9A40C00C5195C /* CustomCircleView.m */; };
		0440909329C9FFDB00C5195C /* CustomDrawRectView.m in Sources */ = {isa = PBXBuildFile; fileRef = 0440909229C9FFDB00C5195C /* CustomDrawRectView.m */; };
		0440909629CDEB6000C5195C /* CALayerDelegateViewController.m in Sources */ = {isa = PBXBuildFile; fileRef = 0440909529CDEB6000C5195C /* CALayerDelegateViewController.m */; };
		0440909929CEFCCB00C5195C /* Clock.m in Sources */ = {isa = PBXBuildFile; fileRef = 0440909829CEFCCB00C5195C /* Clock.m */; };
		0440909C29CEFDEA00C5195C /* ClockView.m in Sources */ = {isa = PBXBuildFile; fileRef = 0440909B29CEFDEA00C5195C /* ClockView.m */; };
		0440909F29D12D0500C5195C /* zPosition.m in Sources */ = {isa = PBXBuildFile; fileRef = 0440909E29D12D0500C5195C /* zPosition.m */; };
		044090A229D134DA00C5195C /* HitTestViewController.m in Sources */ = {isa = PBXBuildFile; fileRef = 044090A129D134DA00C5195C /* HitTestViewController.m */; };
		044090A529D1710B00C5195C /* Corner.m in Sources */ = {isa = PBXBuildFile; fileRef = 044090A429D1710B00C5195C /* Corner.m */; };
		044090A829D1841300C5195C /* shadowPath.m in Sources */ = {isa = PBXBuildFile; fileRef = 044090A729D1841300C5195C /* shadowPath.m */; };
		044090AB29D18DF700C5195C /* Mask.m in Sources */ = {isa = PBXBuildFile; fileRef = 044090AA29D18DF700C5195C /* Mask.m */; };
		044090AF29D27B3E00C5195C /* LCDClock.m in Sources */ = {isa = PBXBuildFile; fileRef = 044090AE29D27B3E00C5195C /* LCDClock.m */; };
		044090B329D28BB300C5195C /* ShouldRasterize.m in Sources */ = {isa = PBXBuildFile; fileRef = 044090B229D28BB300C5195C /* ShouldRasterize.m */; };
		044090B729D2943300C5195C /* AffineTransform.m in Sources */ = {isa = PBXBuildFile; fileRef = 044090B629D2943300C5195C /* AffineTransform.m */; };
		044090BF29D2C45900C5195C /* Transform3D.m in Sources */ = {isa = PBXBuildFile; fileRef = 044090BE29D2C45900C5195C /* Transform3D.m */; };
		044090C229D2D36800C5195C /* Outer.m in Sources */ = {isa = PBXBuildFile; fileRef = 044090C129D2D36800C5195C /* Outer.m */; };
		044090C629D2DD5500C5195C /* Solid.m in Sources */ = {isa = PBXBuildFile; fileRef = 044090C529D2DD5500C5195C /* Solid.m */; };
		044090CE29D3D79100C5195C /* ShaperLayer.m in Sources */ = {isa = PBXBuildFile; fileRef = 044090CD29D3D79100C5195C /* ShaperLayer.m */; };
		044090D129D3E7FC00C5195C /* TextLayer.m in Sources */ = {isa = PBXBuildFile; fileRef = 044090D029D3E7FC00C5195C /* TextLayer.m */; };
		044090D429D3F18D00C5195C /* LayerLabel.m in Sources */ = {isa = PBXBuildFile; fileRef = 044090D329D3F18D00C5195C /* LayerLabel.m */; };
		044090D729D41F6E00C5195C /* CubeViewController.m in Sources */ = {isa = PBXBuildFile; fileRef = 044090D629D41F6E00C5195C /* CubeViewController.m */; };
		044090DA29D43DD400C5195C /* ReplicatorLayer.m in Sources */ = {isa = PBXBuildFile; fileRef = 044090D929D43DD400C5195C /* ReplicatorLayer.m */; };
		044090E029D560B900C5195C /* EmitterLayer.m in Sources */ = {isa = PBXBuildFile; fileRef = 044090DF29D560B900C5195C /* EmitterLayer.m */; };
		044090EA29D6B39F00C5195C /* AVPlayerViewController.m in Sources */ = {isa = PBXBuildFile; fileRef = 044090E929D6B39F00C5195C /* AVPlayerViewController.m */; };
		044090ED29D6B60200C5195C /* Ship.mp4 in Resources */ = {isa = PBXBuildFile; fileRef = 044090EC29D6B60100C5195C /* Ship.mp4 */; };
		044090F129D6BCF000C5195C /* TransactionViewController.m in Sources */ = {isa = PBXBuildFile; fileRef = 044090F029D6BCF000C5195C /* TransactionViewController.m */; };
		044090F829D93E3F00C5195C /* Presentation.m in Sources */ = {isa = PBXBuildFile; fileRef = 044090F729D93E3F00C5195C /* Presentation.m */; };
		044090FC29DA702E00C5195C /* BasicAnimation.m in Sources */ = {isa = PBXBuildFile; fileRef = 044090FB29DA702E00C5195C /* BasicAnimation.m */; };
		044090FF29DAD36000C5195C /* Ship.m in Sources */ = {isa = PBXBuildFile; fileRef = 044090FE29DAD36000C5195C /* Ship.m */; };
		0440910229DBB5DC00C5195C /* AnimationGroup.m in Sources */ = {isa = PBXBuildFile; fileRef = 0440910129DBB5DC00C5195C /* AnimationGroup.m */; };
		0440910529DBC0B700C5195C /* Transition.m in Sources */ = {isa = PBXBuildFile; fileRef = 0440910429DBC0B700C5195C /* Transition.m */; };
		0440910929DBD7FE00C5195C /* CustomTransition.m in Sources */ = {isa = PBXBuildFile; fileRef = 0440910829DBD7FE00C5195C /* CustomTransition.m */; };
		0440910C29DEC31700C5195C /* MediaTiming.m in Sources */ = {isa = PBXBuildFile; fileRef = 0440910B29DEC31700C5195C /* MediaTiming.m */; };
		04BE2F1329DFBE6F00F7450B /* Door.m in Sources */ = {isa = PBXBuildFile; fileRef = 04BE2F1229DFBE6F00F7450B /* Door.m */; };
		04BE2F1629E4039800F7450B /* AnimationTimingFunction.m in Sources */ = {isa = PBXBuildFile; fileRef = 04BE2F1529E4039800F7450B /* AnimationTimingFunction.m */; };
		04BE2F1A29E5019100F7450B /* CustomEasingFunction.m in Sources */ = {isa = PBXBuildFile; fileRef = 04BE2F1929E5019100F7450B /* CustomEasingFunction.m */; };
		04BE2F1D29E55AFC00F7450B /* Ball.m in Sources */ = {isa = PBXBuildFile; fileRef = 04BE2F1C29E55AFC00F7450B /* Ball.m */; };
/* End PBXBuildFile section */

/* Begin PBXFileReference section */
		0440906229C2DA4200C5195C /* calayer.app */ = {isa = PBXFileReference; explicitFileType = wrapper.application; includeInIndex = 0; path = calayer.app; sourceTree = BUILT_PRODUCTS_DIR; };
		0440906529C2DA4200C5195C /* AppDelegate.h */ = {isa = PBXFileReference; lastKnownFileType = sourcecode.c.h; path = AppDelegate.h; sourceTree = "<group>"; };
		0440906629C2DA4200C5195C /* AppDelegate.m */ = {isa = PBXFileReference; lastKnownFileType = sourcecode.c.objc; path = AppDelegate.m; sourceTree = "<group>"; };
		0440906829C2DA4200C5195C /* SceneDelegate.h */ = {isa = PBXFileReference; lastKnownFileType = sourcecode.c.h; path = SceneDelegate.h; sourceTree = "<group>"; };
		0440906929C2DA4200C5195C /* SceneDelegate.m */ = {isa = PBXFileReference; lastKnownFileType = sourcecode.c.objc; path = SceneDelegate.m; sourceTree = "<group>"; };
		0440906B29C2DA4200C5195C /* ViewController.h */ = {isa = PBXFileReference; lastKnownFileType = sourcecode.c.h; path = ViewController.h; sourceTree = "<group>"; };
		0440906C29C2DA4200C5195C /* ViewController.m */ = {isa = PBXFileReference; lastKnownFileType = sourcecode.c.objc; path = ViewController.m; sourceTree = "<group>"; };
		0440906F29C2DA4200C5195C /* Base */ = {isa = PBXFileReference; lastKnownFileType = file.storyboard; name = Base; path = Base.lproj/Main.storyboard; sourceTree = "<group>"; };
		0440907129C2DA4500C5195C /* Assets.xcassets */ = {isa = PBXFileReference; lastKnownFileType = folder.assetcatalog; path = Assets.xcassets; sourceTree = "<group>"; };
		0440907429C2DA4500C5195C /* Base */ = {isa = PBXFileReference; lastKnownFileType = file.storyboard; name = Base; path = Base.lproj/LaunchScreen.storyboard; sourceTree = "<group>"; };
		0440907629C2DA4500C5195C /* Info.plist */ = {isa = PBXFileReference; lastKnownFileType = text.plist.xml; path = Info.plist; sourceTree = "<group>"; };
		0440907729C2DA4500C5195C /* main.m */ = {isa = PBXFileReference; lastKnownFileType = sourcecode.c.objc; path = main.m; sourceTree = "<group>"; };
		0440908129C3507B00C5195C /* CALayerViewController.h */ = {isa = PBXFileReference; lastKnownFileType = sourcecode.c.h; path = CALayerViewController.h; sourceTree = "<group>"; };
		0440908229C3507B00C5195C /* CALayerViewController.m */ = {isa = PBXFileReference; lastKnownFileType = sourcecode.c.objc; path = CALayerViewController.m; sourceTree = "<group>"; };
		0440908429C851C400C5195C /* ResizableImageWithCapInsets.h */ = {isa = PBXFileReference; lastKnownFileType = sourcecode.c.h; path = ResizableImageWithCapInsets.h; sourceTree = "<group>"; };
		0440908529C851C400C5195C /* ResizableImageWithCapInsets.m */ = {isa = PBXFileReference; lastKnownFileType = sourcecode.c.objc; path = ResizableImageWithCapInsets.m; sourceTree = "<group>"; };
		0440908829C85E9200C5195C /* BezierPath.h */ = {isa = PBXFileReference; lastKnownFileType = sourcecode.c.h; path = BezierPath.h; sourceTree = "<group>"; };
		0440908929C85E9200C5195C /* BezierPath.m */ = {isa = PBXFileReference; lastKnownFileType = sourcecode.c.objc; path = BezierPath.m; sourceTree = "<group>"; };
		0440908B29C9A39A00C5195C /* DrawRect.h */ = {isa = PBXFileReference; lastKnownFileType = sourcecode.c.h; path = DrawRect.h; sourceTree = "<group>"; };
		0440908C29C9A39A00C5195C /* DrawRect.m */ = {isa = PBXFileReference; lastKnownFileType = sourcecode.c.objc; path = DrawRect.m; sourceTree = "<group>"; };
		0440908E29C9A40C00C5195C /* CustomCircleView.h */ = {isa = PBXFileReference; lastKnownFileType = sourcecode.c.h; path = CustomCircleView.h; sourceTree = "<group>"; };
		0440908F29C9A40C00C5195C /* CustomCircleView.m */ = {isa = PBXFileReference; lastKnownFileType = sourcecode.c.objc; path = CustomCircleView.m; sourceTree = "<group>"; };
		0440909129C9FFDB00C5195C /* CustomDrawRectView.h */ = {isa = PBXFileReference; lastKnownFileType = sourcecode.c.h; path = CustomDrawRectView.h; sourceTree = "<group>"; };
		0440909229C9FFDB00C5195C /* CustomDrawRectView.m */ = {isa = PBXFileReference; lastKnownFileType = sourcecode.c.objc; path = CustomDrawRectView.m; sourceTree = "<group>"; };
		0440909429CDEB6000C5195C /* CALayerDelegateViewController.h */ = {isa = PBXFileReference; lastKnownFileType = sourcecode.c.h; path = CALayerDelegateViewController.h; sourceTree = "<group>"; };
		0440909529CDEB6000C5195C /* CALayerDelegateViewController.m */ = {isa = PBXFileReference; lastKnownFileType = sourcecode.c.objc; path = CALayerDelegateViewController.m; sourceTree = "<group>"; };
		0440909729CEFCCB00C5195C /* Clock.h */ = {isa = PBXFileReference; lastKnownFileType = sourcecode.c.h; path = Clock.h; sourceTree = "<group>"; };
		0440909829CEFCCB00C5195C /* Clock.m */ = {isa = PBXFileReference; lastKnownFileType = sourcecode.c.objc; path = Clock.m; sourceTree = "<group>"; };
		0440909A29CEFDEA00C5195C /* ClockView.h */ = {isa = PBXFileReference; lastKnownFileType = sourcecode.c.h; path = ClockView.h; sourceTree = "<group>"; };
		0440909B29CEFDEA00C5195C /* ClockView.m */ = {isa = PBXFileReference; lastKnownFileType = sourcecode.c.objc; path = ClockView.m; sourceTree = "<group>"; };
		0440909D29D12D0500C5195C /* zPosition.h */ = {isa = PBXFileReference; lastKnownFileType = sourcecode.c.h; path = zPosition.h; sourceTree = "<group>"; };
		0440909E29D12D0500C5195C /* zPosition.m */ = {isa = PBXFileReference; lastKnownFileType = sourcecode.c.objc; path = zPosition.m; sourceTree = "<group>"; };
		044090A029D134DA00C5195C /* HitTestViewController.h */ = {isa = PBXFileReference; lastKnownFileType = sourcecode.c.h; path = HitTestViewController.h; sourceTree = "<group>"; };
		044090A129D134DA00C5195C /* HitTestViewController.m */ = {isa = PBXFileReference; lastKnownFileType = sourcecode.c.objc; path = HitTestViewController.m; sourceTree = "<group>"; };
		044090A329D1710B00C5195C /* Corner.h */ = {isa = PBXFileReference; lastKnownFileType = sourcecode.c.h; path = Corner.h; sourceTree = "<group>"; };
		044090A429D1710B00C5195C /* Corner.m */ = {isa = PBXFileReference; lastKnownFileType = sourcecode.c.objc; path = Corner.m; sourceTree = "<group>"; };
		044090A629D1841300C5195C /* shadowPath.h */ = {isa = PBXFileReference; lastKnownFileType = sourcecode.c.h; path = shadowPath.h; sourceTree = "<group>"; };
		044090A729D1841300C5195C /* shadowPath.m */ = {isa = PBXFileReference; lastKnownFileType = sourcecode.c.objc; path = shadowPath.m; sourceTree = "<group>"; };
		044090A929D18DF700C5195C /* Mask.h */ = {isa = PBXFileReference; lastKnownFileType = sourcecode.c.h; path = Mask.h; sourceTree = "<group>"; };
		044090AA29D18DF700C5195C /* Mask.m */ = {isa = PBXFileReference; lastKnownFileType = sourcecode.c.objc; path = Mask.m; sourceTree = "<group>"; };
		044090AD29D27B3E00C5195C /* LCDClock.h */ = {isa = PBXFileReference; lastKnownFileType = sourcecode.c.h; path = LCDClock.h; sourceTree = "<group>"; };
		044090AE29D27B3E00C5195C /* LCDClock.m */ = {isa = PBXFileReference; lastKnownFileType = sourcecode.c.objc; path = LCDClock.m; sourceTree = "<group>"; };
		044090B129D28BB300C5195C /* ShouldRasterize.h */ = {isa = PBXFileReference; lastKnownFileType = sourcecode.c.h; path = ShouldRasterize.h; sourceTree = "<group>"; };
		044090B229D28BB300C5195C /* ShouldRasterize.m */ = {isa = PBXFileReference; lastKnownFileType = sourcecode.c.objc; path = ShouldRasterize.m; sourceTree = "<group>"; };
		044090B529D2943300C5195C /* AffineTransform.h */ = {isa = PBXFileReference; lastKnownFileType = sourcecode.c.h; path = AffineTransform.h; sourceTree = "<group>"; };
		044090B629D2943300C5195C /* AffineTransform.m */ = {isa = PBXFileReference; lastKnownFileType = sourcecode.c.objc; path = AffineTransform.m; sourceTree = "<group>"; };
		044090BD29D2C45900C5195C /* Transform3D.h */ = {isa = PBXFileReference; lastKnownFileType = sourcecode.c.h; path = Transform3D.h; sourceTree = "<group>"; };
		044090BE29D2C45900C5195C /* Transform3D.m */ = {isa = PBXFileReference; lastKnownFileType = sourcecode.c.objc; path = Transform3D.m; sourceTree = "<group>"; };
		044090C029D2D36800C5195C /* Outer.h */ = {isa = PBXFileReference; lastKnownFileType = sourcecode.c.h; path = Outer.h; sourceTree = "<group>"; };
		044090C129D2D36800C5195C /* Outer.m */ = {isa = PBXFileReference; lastKnownFileType = sourcecode.c.objc; path = Outer.m; sourceTree = "<group>"; };
		044090C429D2DD5500C5195C /* Solid.h */ = {isa = PBXFileReference; lastKnownFileType = sourcecode.c.h; path = Solid.h; sourceTree = "<group>"; };
		044090C529D2DD5500C5195C /* Solid.m */ = {isa = PBXFileReference; lastKnownFileType = sourcecode.c.objc; path = Solid.m; sourceTree = "<group>"; };
		044090CC29D3D79100C5195C /* ShaperLayer.h */ = {isa = PBXFileReference; lastKnownFileType = sourcecode.c.h; path = ShaperLayer.h; sourceTree = "<group>"; };
		044090CD29D3D79100C5195C /* ShaperLayer.m */ = {isa = PBXFileReference; lastKnownFileType = sourcecode.c.objc; path = ShaperLayer.m; sourceTree = "<group>"; };
		044090CF29D3E7FC00C5195C /* TextLayer.h */ = {isa = PBXFileReference; lastKnownFileType = sourcecode.c.h; path = TextLayer.h; sourceTree = "<group>"; };
		044090D029D3E7FC00C5195C /* TextLayer.m */ = {isa = PBXFileReference; lastKnownFileType = sourcecode.c.objc; path = TextLayer.m; sourceTree = "<group>"; };
		044090D229D3F18D00C5195C /* LayerLabel.h */ = {isa = PBXFileReference; lastKnownFileType = sourcecode.c.h; path = LayerLabel.h; sourceTree = "<group>"; };
		044090D329D3F18D00C5195C /* LayerLabel.m */ = {isa = PBXFileReference; lastKnownFileType = sourcecode.c.objc; path = LayerLabel.m; sourceTree = "<group>"; };
		044090D529D41F6E00C5195C /* CubeViewController.h */ = {isa = PBXFileReference; lastKnownFileType = sourcecode.c.h; path = CubeViewController.h; sourceTree = "<group>"; };
		044090D629D41F6E00C5195C /* CubeViewController.m */ = {isa = PBXFileReference; lastKnownFileType = sourcecode.c.objc; path = CubeViewController.m; sourceTree = "<group>"; };
		044090D829D43DD400C5195C /* ReplicatorLayer.h */ = {isa = PBXFileReference; lastKnownFileType = sourcecode.c.h; path = ReplicatorLayer.h; sourceTree = "<group>"; };
		044090D929D43DD400C5195C /* ReplicatorLayer.m */ = {isa = PBXFileReference; lastKnownFileType = sourcecode.c.objc; path = ReplicatorLayer.m; sourceTree = "<group>"; };
		044090DE29D560B900C5195C /* EmitterLayer.h */ = {isa = PBXFileReference; lastKnownFileType = sourcecode.c.h; path = EmitterLayer.h; sourceTree = "<group>"; };
		044090DF29D560B900C5195C /* EmitterLayer.m */ = {isa = PBXFileReference; lastKnownFileType = sourcecode.c.objc; path = EmitterLayer.m; sourceTree = "<group>"; };
		044090E829D6B39F00C5195C /* AVPlayerViewController.h */ = {isa = PBXFileReference; lastKnownFileType = sourcecode.c.h; path = AVPlayerViewController.h; sourceTree = "<group>"; };
		044090E929D6B39F00C5195C /* AVPlayerViewController.m */ = {isa = PBXFileReference; lastKnownFileType = sourcecode.c.objc; path = AVPlayerViewController.m; sourceTree = "<group>"; };
		044090EC29D6B60100C5195C /* Ship.mp4 */ = {isa = PBXFileReference; lastKnownFileType = file; path = Ship.mp4; sourceTree = "<group>"; };
		044090EF29D6BCF000C5195C /* TransactionViewController.h */ = {isa = PBXFileReference; lastKnownFileType = sourcecode.c.h; path = TransactionViewController.h; sourceTree = "<group>"; };
		044090F029D6BCF000C5195C /* TransactionViewController.m */ = {isa = PBXFileReference; lastKnownFileType = sourcecode.c.objc; path = TransactionViewController.m; sourceTree = "<group>"; };
		044090F629D93E3F00C5195C /* Presentation.h */ = {isa = PBXFileReference; lastKnownFileType = sourcecode.c.h; path = Presentation.h; sourceTree = "<group>"; };
		044090F729D93E3F00C5195C /* Presentation.m */ = {isa = PBXFileReference; lastKnownFileType = sourcecode.c.objc; path = Presentation.m; sourceTree = "<group>"; };
		044090FA29DA702E00C5195C /* BasicAnimation.h */ = {isa = PBXFileReference; lastKnownFileType = sourcecode.c.h; path = BasicAnimation.h; sourceTree = "<group>"; };
		044090FB29DA702E00C5195C /* BasicAnimation.m */ = {isa = PBXFileReference; lastKnownFileType = sourcecode.c.objc; path = BasicAnimation.m; sourceTree = "<group>"; };
		044090FD29DAD36000C5195C /* Ship.h */ = {isa = PBXFileReference; lastKnownFileType = sourcecode.c.h; path = Ship.h; sourceTree = "<group>"; };
		044090FE29DAD36000C5195C /* Ship.m */ = {isa = PBXFileReference; lastKnownFileType = sourcecode.c.objc; path = Ship.m; sourceTree = "<group>"; };
		0440910029DBB5DC00C5195C /* AnimationGroup.h */ = {isa = PBXFileReference; lastKnownFileType = sourcecode.c.h; path = AnimationGroup.h; sourceTree = "<group>"; };
		0440910129DBB5DC00C5195C /* AnimationGroup.m */ = {isa = PBXFileReference; lastKnownFileType = sourcecode.c.objc; path = AnimationGroup.m; sourceTree = "<group>"; };
		0440910329DBC0B700C5195C /* Transition.h */ = {isa = PBXFileReference; lastKnownFileType = sourcecode.c.h; path = Transition.h; sourceTree = "<group>"; };
		0440910429DBC0B700C5195C /* Transition.m */ = {isa = PBXFileReference; lastKnownFileType = sourcecode.c.objc; path = Transition.m; sourceTree = "<group>"; };
		0440910729DBD7FD00C5195C /* CustomTransition.h */ = {isa = PBXFileReference; lastKnownFileType = sourcecode.c.h; path = CustomTransition.h; sourceTree = "<group>"; };
		0440910829DBD7FE00C5195C /* CustomTransition.m */ = {isa = PBXFileReference; lastKnownFileType = sourcecode.c.objc; path = CustomTransition.m; sourceTree = "<group>"; };
		0440910A29DEC31700C5195C /* MediaTiming.h */ = {isa = PBXFileReference; lastKnownFileType = sourcecode.c.h; path = MediaTiming.h; sourceTree = "<group>"; };
		0440910B29DEC31700C5195C /* MediaTiming.m */ = {isa = PBXFileReference; lastKnownFileType = sourcecode.c.objc; path = MediaTiming.m; sourceTree = "<group>"; };
		04BE2F1129DFBE6F00F7450B /* Door.h */ = {isa = PBXFileReference; lastKnownFileType = sourcecode.c.h; path = Door.h; sourceTree = "<group>"; };
		04BE2F1229DFBE6F00F7450B /* Door.m */ = {isa = PBXFileReference; lastKnownFileType = sourcecode.c.objc; path = Door.m; sourceTree = "<group>"; };
		04BE2F1429E4039800F7450B /* AnimationTimingFunction.h */ = {isa = PBXFileReference; lastKnownFileType = sourcecode.c.h; path = AnimationTimingFunction.h; sourceTree = "<group>"; };
		04BE2F1529E4039800F7450B /* AnimationTimingFunction.m */ = {isa = PBXFileReference; lastKnownFileType = sourcecode.c.objc; path = AnimationTimingFunction.m; sourceTree = "<group>"; };
		04BE2F1829E5019100F7450B /* CustomEasingFunction.h */ = {isa = PBXFileReference; lastKnownFileType = sourcecode.c.h; path = CustomEasingFunction.h; sourceTree = "<group>"; };
		04BE2F1929E5019100F7450B /* CustomEasingFunction.m */ = {isa = PBXFileReference; lastKnownFileType = sourcecode.c.objc; path = CustomEasingFunction.m; sourceTree = "<group>"; };
		04BE2F1B29E55AFC00F7450B /* Ball.h */ = {isa = PBXFileReference; lastKnownFileType = sourcecode.c.h; path = Ball.h; sourceTree = "<group>"; };
		04BE2F1C29E55AFC00F7450B /* Ball.m */ = {isa = PBXFileReference; lastKnownFileType = sourcecode.c.objc; path = Ball.m; sourceTree = "<group>"; };
/* End PBXFileReference section */

/* Begin PBXFrameworksBuildPhase section */
		0440905F29C2DA4200C5195C /* Frameworks */ = {
			isa = PBXFrameworksBuildPhase;
			buildActionMask = 2147483647;
			files = (
			);
			runOnlyForDeploymentPostprocessing = 0;
		};
/* End PBXFrameworksBuildPhase section */

/* Begin PBXGroup section */
		0440905929C2DA4200C5195C = {
			isa = PBXGroup;
			children = (
				0440906429C2DA4200C5195C /* calayer */,
				0440906329C2DA4200C5195C /* Products */,
			);
			sourceTree = "<group>";
		};
		0440906329C2DA4200C5195C /* Products */ = {
			isa = PBXGroup;
			children = (
				0440906229C2DA4200C5195C /* calayer.app */,
			);
			name = Products;
			sourceTree = "<group>";
		};
		0440906429C2DA4200C5195C /* calayer */ = {
			isa = PBXGroup;
			children = (
				04BE2F1729E5015200F7450B /* 自定义缓存函数 */,
				0440910629DBD7D900C5195C /* 过渡动画 */,
				044090F929DA6F5600C5195C /* CABasicAnimation */,
				044090F229D93DB300C5195C /* 显示图层 */,
				044090EE29D6BC9F00C5195C /* 隐式动画 */,
				044090EB29D6B5DB00C5195C /* Resource */,
				044090DD29D5608500C5195C /* 粒子动画 */,
				044090CB29D3D77400C5195C /* 6.1 */,
				044090C329D2DAB700C5195C /* 5.3 */,
				044090B829D2C3E800C5195C /* 5.2 */,
				044090B429D2941A00C5195C /* 5.1 */,
				044090B029D28B9D00C5195C /* 4.7 */,
				044090AC29D27B2100C5195C /* 4.6 */,
				0440908729C85E5800C5195C /* Views */,
				0440908029C3259D00C5195C /* Moudle */,
				0440906529C2DA4200C5195C /* AppDelegate.h */,
				0440906629C2DA4200C5195C /* AppDelegate.m */,
				0440906829C2DA4200C5195C /* SceneDelegate.h */,
				0440906929C2DA4200C5195C /* SceneDelegate.m */,
				0440906B29C2DA4200C5195C /* ViewController.h */,
				0440906C29C2DA4200C5195C /* ViewController.m */,
				0440906E29C2DA4200C5195C /* Main.storyboard */,
				0440907129C2DA4500C5195C /* Assets.xcassets */,
				0440907329C2DA4500C5195C /* LaunchScreen.storyboard */,
				0440907629C2DA4500C5195C /* Info.plist */,
				0440907729C2DA4500C5195C /* main.m */,
			);
			path = calayer;
			sourceTree = "<group>";
		};
		0440908029C3259D00C5195C /* Moudle */ = {
			isa = PBXGroup;
			children = (
				0440908129C3507B00C5195C /* CALayerViewController.h */,
				0440908229C3507B00C5195C /* CALayerViewController.m */,
				0440908429C851C400C5195C /* ResizableImageWithCapInsets.h */,
				0440908529C851C400C5195C /* ResizableImageWithCapInsets.m */,
				0440908B29C9A39A00C5195C /* DrawRect.h */,
				0440908C29C9A39A00C5195C /* DrawRect.m */,
				0440909429CDEB6000C5195C /* CALayerDelegateViewController.h */,
				0440909529CDEB6000C5195C /* CALayerDelegateViewController.m */,
				0440909729CEFCCB00C5195C /* Clock.h */,
				0440909829CEFCCB00C5195C /* Clock.m */,
				0440909D29D12D0500C5195C /* zPosition.h */,
				0440909E29D12D0500C5195C /* zPosition.m */,
				044090A029D134DA00C5195C /* HitTestViewController.h */,
				044090A129D134DA00C5195C /* HitTestViewController.m */,
				044090A329D1710B00C5195C /* Corner.h */,
				044090A429D1710B00C5195C /* Corner.m */,
				044090A629D1841300C5195C /* shadowPath.h */,
				044090A729D1841300C5195C /* shadowPath.m */,
				044090A929D18DF700C5195C /* Mask.h */,
				044090AA29D18DF700C5195C /* Mask.m */,
			);
			path = Moudle;
			sourceTree = "<group>";
		};
		0440908729C85E5800C5195C /* Views */ = {
			isa = PBXGroup;
			children = (
				0440908829C85E9200C5195C /* BezierPath.h */,
				0440908929C85E9200C5195C /* BezierPath.m */,
				0440908E29C9A40C00C5195C /* CustomCircleView.h */,
				0440908F29C9A40C00C5195C /* CustomCircleView.m */,
				0440909129C9FFDB00C5195C /* CustomDrawRectView.h */,
				0440909229C9FFDB00C5195C /* CustomDrawRectView.m */,
				0440909A29CEFDEA00C5195C /* ClockView.h */,
				0440909B29CEFDEA00C5195C /* ClockView.m */,
			);
			path = Views;
			sourceTree = "<group>";
		};
		044090AC29D27B2100C5195C /* 4.6 */ = {
			isa = PBXGroup;
			children = (
				044090AD29D27B3E00C5195C /* LCDClock.h */,
				044090AE29D27B3E00C5195C /* LCDClock.m */,
			);
			path = 4.6;
			sourceTree = "<group>";
		};
		044090B029D28B9D00C5195C /* 4.7 */ = {
			isa = PBXGroup;
			children = (
				044090B129D28BB300C5195C /* ShouldRasterize.h */,
				044090B229D28BB300C5195C /* ShouldRasterize.m */,
			);
			path = 4.7;
			sourceTree = "<group>";
		};
		044090B429D2941A00C5195C /* 5.1 */ = {
			isa = PBXGroup;
			children = (
				044090B529D2943300C5195C /* AffineTransform.h */,
				044090B629D2943300C5195C /* AffineTransform.m */,
			);
			path = 5.1;
			sourceTree = "<group>";
		};
		044090B829D2C3E800C5195C /* 5.2 */ = {
			isa = PBXGroup;
			children = (
				044090BD29D2C45900C5195C /* Transform3D.h */,
				044090BE29D2C45900C5195C /* Transform3D.m */,
				044090C029D2D36800C5195C /* Outer.h */,
				044090C129D2D36800C5195C /* Outer.m */,
			);
			path = 5.2;
			sourceTree = "<group>";
		};
		044090C329D2DAB700C5195C /* 5.3 */ = {
			isa = PBXGroup;
			children = (
				044090C429D2DD5500C5195C /* Solid.h */,
				044090C529D2DD5500C5195C /* Solid.m */,
			);
			path = 5.3;
			sourceTree = "<group>";
		};
		044090CB29D3D77400C5195C /* 6.1 */ = {
			isa = PBXGroup;
			children = (
				044090E829D6B39F00C5195C /* AVPlayerViewController.h */,
				044090E929D6B39F00C5195C /* AVPlayerViewController.m */,
				044090CC29D3D79100C5195C /* ShaperLayer.h */,
				044090CD29D3D79100C5195C /* ShaperLayer.m */,
				044090CF29D3E7FC00C5195C /* TextLayer.h */,
				044090D029D3E7FC00C5195C /* TextLayer.m */,
				044090D229D3F18D00C5195C /* LayerLabel.h */,
				044090D329D3F18D00C5195C /* LayerLabel.m */,
				044090D529D41F6E00C5195C /* CubeViewController.h */,
				044090D629D41F6E00C5195C /* CubeViewController.m */,
				044090D829D43DD400C5195C /* ReplicatorLayer.h */,
				044090D929D43DD400C5195C /* ReplicatorLayer.m */,
			);
			path = 6.1;
			sourceTree = "<group>";
		};
		044090DD29D5608500C5195C /* 粒子动画 */ = {
			isa = PBXGroup;
			children = (
				044090DE29D560B900C5195C /* EmitterLayer.h */,
				044090DF29D560B900C5195C /* EmitterLayer.m */,
			);
			path = "粒子动画";
			sourceTree = "<group>";
		};
		044090EB29D6B5DB00C5195C /* Resource */ = {
			isa = PBXGroup;
			children = (
				044090EC29D6B60100C5195C /* Ship.mp4 */,
			);
			path = Resource;
			sourceTree = "<group>";
		};
		044090EE29D6BC9F00C5195C /* 隐式动画 */ = {
			isa = PBXGroup;
			children = (
				044090EF29D6BCF000C5195C /* TransactionViewController.h */,
				044090F029D6BCF000C5195C /* TransactionViewController.m */,
			);
			path = "隐式动画";
			sourceTree = "<group>";
		};
		044090F229D93DB300C5195C /* 显示图层 */ = {
			isa = PBXGroup;
			children = (
				044090F629D93E3F00C5195C /* Presentation.h */,
				044090F729D93E3F00C5195C /* Presentation.m */,
			);
			path = "显示图层";
			sourceTree = "<group>";
		};
		044090F929DA6F5600C5195C /* CABasicAnimation */ = {
			isa = PBXGroup;
			children = (
				044090FA29DA702E00C5195C /* BasicAnimation.h */,
				044090FB29DA702E00C5195C /* BasicAnimation.m */,
				044090FD29DAD36000C5195C /* Ship.h */,
				044090FE29DAD36000C5195C /* Ship.m */,
				0440910029DBB5DC00C5195C /* AnimationGroup.h */,
				0440910129DBB5DC00C5195C /* AnimationGroup.m */,
				0440910329DBC0B700C5195C /* Transition.h */,
				0440910429DBC0B700C5195C /* Transition.m */,
				0440910A29DEC31700C5195C /* MediaTiming.h */,
				0440910B29DEC31700C5195C /* MediaTiming.m */,
				04BE2F1129DFBE6F00F7450B /* Door.h */,
				04BE2F1229DFBE6F00F7450B /* Door.m */,
				04BE2F1429E4039800F7450B /* AnimationTimingFunction.h */,
				04BE2F1529E4039800F7450B /* AnimationTimingFunction.m */,
			);
			path = CABasicAnimation;
			sourceTree = "<group>";
		};
		0440910629DBD7D900C5195C /* 过渡动画 */ = {
			isa = PBXGroup;
			children = (
				0440910729DBD7FD00C5195C /* CustomTransition.h */,
				0440910829DBD7FE00C5195C /* CustomTransition.m */,
			);
			path = "过渡动画";
			sourceTree = "<group>";
		};
		04BE2F1729E5015200F7450B /* 自定义缓存函数 */ = {
			isa = PBXGroup;
			children = (
				04BE2F1829E5019100F7450B /* CustomEasingFunction.h */,
				04BE2F1929E5019100F7450B /* CustomEasingFunction.m */,
				04BE2F1B29E55AFC00F7450B /* Ball.h */,
				04BE2F1C29E55AFC00F7450B /* Ball.m */,
			);
			path = "自定义缓存函数";
			sourceTree = "<group>";
		};
/* End PBXGroup section */

/* Begin PBXNativeTarget section */
		0440906129C2DA4200C5195C /* calayer */ = {
			isa = PBXNativeTarget;
			buildConfigurationList = 0440907B29C2DA4500C5195C /* Build configuration list for PBXNativeTarget "calayer" */;
			buildPhases = (
				0440905E29C2DA4200C5195C /* Sources */,
				0440905F29C2DA4200C5195C /* Frameworks */,
				0440906029C2DA4200C5195C /* Resources */,
			);
			buildRules = (
			);
			dependencies = (
			);
			name = calayer;
			productName = calayer;
			productReference = 0440906229C2DA4200C5195C /* calayer.app */;
			productType = "com.apple.product-type.application";
		};
/* End PBXNativeTarget section */

/* Begin PBXProject section */
		0440905A29C2DA4200C5195C /* Project object */ = {
			isa = PBXProject;
			attributes = {
				BuildIndependentTargetsInParallel = 1;
				LastUpgradeCheck = 1410;
				TargetAttributes = {
					0440906129C2DA4200C5195C = {
						CreatedOnToolsVersion = 14.1;
					};
				};
			};
			buildConfigurationList = 0440905D29C2DA4200C5195C /* Build configuration list for PBXProject "calayer" */;
			compatibilityVersion = "Xcode 14.0";
			developmentRegion = en;
			hasScannedForEncodings = 0;
			knownRegions = (
				en,
				Base,
			);
			mainGroup = 0440905929C2DA4200C5195C;
			productRefGroup = 0440906329C2DA4200C5195C /* Products */;
			projectDirPath = "";
			projectRoot = "";
			targets = (
				0440906129C2DA4200C5195C /* calayer */,
			);
		};
/* End PBXProject section */

/* Begin PBXResourcesBuildPhase section */
		0440906029C2DA4200C5195C /* Resources */ = {
			isa = PBXResourcesBuildPhase;
			buildActionMask = 2147483647;
			files = (
				0440907529C2DA4500C5195C /* LaunchScreen.storyboard in Resources */,
				0440907229C2DA4500C5195C /* Assets.xcassets in Resources */,
				0440907029C2DA4200C5195C /* Main.storyboard in Resources */,
				044090ED29D6B60200C5195C /* Ship.mp4 in Resources */,
			);
			runOnlyForDeploymentPostprocessing = 0;
		};
/* End PBXResourcesBuildPhase section */

/* Begin PBXSourcesBuildPhase section */
		0440905E29C2DA4200C5195C /* Sources */ = {
			isa = PBXSourcesBuildPhase;
			buildActionMask = 2147483647;
			files = (
				0440906D29C2DA4200C5195C /* ViewController.m in Sources */,
				044090BF29D2C45900C5195C /* Transform3D.m in Sources */,
				04BE2F1D29E55AFC00F7450B /* Ball.m in Sources */,
				044090DA29D43DD400C5195C /* ReplicatorLayer.m in Sources */,
				044090CE29D3D79100C5195C /* ShaperLayer.m in Sources */,
				044090E029D560B900C5195C /* EmitterLayer.m in Sources */,
				04BE2F1329DFBE6F00F7450B /* Door.m in Sources */,
				044090FF29DAD36000C5195C /* Ship.m in Sources */,
				044090B729D2943300C5195C /* AffineTransform.m in Sources */,
				0440909C29CEFDEA00C5195C /* ClockView.m in Sources */,
				044090F829D93E3F00C5195C /* Presentation.m in Sources */,
				0440909029C9A40C00C5195C /* CustomCircleView.m in Sources */,
				0440908D29C9A39A00C5195C /* DrawRect.m in Sources */,
				0440906729C2DA4200C5195C /* AppDelegate.m in Sources */,
				0440908629C851C400C5195C /* ResizableImageWithCapInsets.m in Sources */,
				044090D729D41F6E00C5195C /* CubeViewController.m in Sources */,
				0440908A29C85E9200C5195C /* BezierPath.m in Sources */,
				0440910529DBC0B700C5195C /* Transition.m in Sources */,
				0440909929CEFCCB00C5195C /* Clock.m in Sources */,
				0440907829C2DA4500C5195C /* main.m in Sources */,
				044090A229D134DA00C5195C /* HitTestViewController.m in Sources */,
				0440910929DBD7FE00C5195C /* CustomTransition.m in Sources */,
				04BE2F1629E4039800F7450B /* AnimationTimingFunction.m in Sources */,
				044090AF29D27B3E00C5195C /* LCDClock.m in Sources */,
				044090C229D2D36800C5195C /* Outer.m in Sources */,
				0440908329C3507B00C5195C /* CALayerViewController.m in Sources */,
				044090B329D28BB300C5195C /* ShouldRasterize.m in Sources */,
				044090FC29DA702E00C5195C /* BasicAnimation.m in Sources */,
				0440906A29C2DA4200C5195C /* SceneDelegate.m in Sources */,
				044090D429D3F18D00C5195C /* LayerLabel.m in Sources */,
				044090A529D1710B00C5195C /* Corner.m in Sources */,
				0440909629CDEB6000C5195C /* CALayerDelegateViewController.m in Sources */,
				044090A829D1841300C5195C /* shadowPath.m in Sources */,
				044090AB29D18DF700C5195C /* Mask.m in Sources */,
				044090D129D3E7FC00C5195C /* TextLayer.m in Sources */,
				044090F129D6BCF000C5195C /* TransactionViewController.m in Sources */,
				04BE2F1A29E5019100F7450B /* CustomEasingFunction.m in Sources */,
				044090EA29D6B39F00C5195C /* AVPlayerViewController.m in Sources */,
				0440910229DBB5DC00C5195C /* AnimationGroup.m in Sources */,
				0440910C29DEC31700C5195C /* MediaTiming.m in Sources */,
				044090C629D2DD5500C5195C /* Solid.m in Sources */,
				0440909329C9FFDB00C5195C /* CustomDrawRectView.m in Sources */,
				0440909F29D12D0500C5195C /* zPosition.m in Sources */,
			);
			runOnlyForDeploymentPostprocessing = 0;
		};
/* End PBXSourcesBuildPhase section */

/* Begin PBXVariantGroup section */
		0440906E29C2DA4200C5195C /* Main.storyboard */ = {
			isa = PBXVariantGroup;
			children = (
				0440906F29C2DA4200C5195C /* Base */,
			);
			name = Main.storyboard;
			sourceTree = "<group>";
		};
		0440907329C2DA4500C5195C /* LaunchScreen.storyboard */ = {
			isa = PBXVariantGroup;
			children = (
				0440907429C2DA4500C5195C /* Base */,
			);
			name = LaunchScreen.storyboard;
			sourceTree = "<group>";
		};
/* End PBXVariantGroup section */

/* Begin XCBuildConfiguration section */
		0440907929C2DA4500C5195C /* Debug */ = {
			isa = XCBuildConfiguration;
			buildSettings = {
				ALWAYS_SEARCH_USER_PATHS = NO;
				CLANG_ANALYZER_NONNULL = YES;
				CLANG_ANALYZER_NUMBER_OBJECT_CONVERSION = YES_AGGRESSIVE;
				CLANG_CXX_LANGUAGE_STANDARD = "gnu++20";
				CLANG_ENABLE_MODULES = YES;
				CLANG_ENABLE_OBJC_ARC = YES;
				CLANG_ENABLE_OBJC_WEAK = YES;
				CLANG_WARN_BLOCK_CAPTURE_AUTORELEASING = YES;
				CLANG_WARN_BOOL_CONVERSION = YES;
				CLANG_WARN_COMMA = YES;
				CLANG_WARN_CONSTANT_CONVERSION = YES;
				CLANG_WARN_DEPRECATED_OBJC_IMPLEMENTATIONS = YES;
				CLANG_WARN_DIRECT_OBJC_ISA_USAGE = YES_ERROR;
				CLANG_WARN_DOCUMENTATION_COMMENTS = YES;
				CLANG_WARN_EMPTY_BODY = YES;
				CLANG_WARN_ENUM_CONVERSION = YES;
				CLANG_WARN_INFINITE_RECURSION = YES;
				CLANG_WARN_INT_CONVERSION = YES;
				CLANG_WARN_NON_LITERAL_NULL_CONVERSION = YES;
				CLANG_WARN_OBJC_IMPLICIT_RETAIN_SELF = YES;
				CLANG_WARN_OBJC_LITERAL_CONVERSION = YES;
				CLANG_WARN_OBJC_ROOT_CLASS = YES_ERROR;
				CLANG_WARN_QUOTED_INCLUDE_IN_FRAMEWORK_HEADER = YES;
				CLANG_WARN_RANGE_LOOP_ANALYSIS = YES;
				CLANG_WARN_STRICT_PROTOTYPES = YES;
				CLANG_WARN_SUSPICIOUS_MOVE = YES;
				CLANG_WARN_UNGUARDED_AVAILABILITY = YES_AGGRESSIVE;
				CLANG_WARN_UNREACHABLE_CODE = YES;
				CLANG_WARN__DUPLICATE_METHOD_MATCH = YES;
				COPY_PHASE_STRIP = NO;
				DEBUG_INFORMATION_FORMAT = dwarf;
				ENABLE_STRICT_OBJC_MSGSEND = YES;
				ENABLE_TESTABILITY = YES;
				GCC_C_LANGUAGE_STANDARD = gnu11;
				GCC_DYNAMIC_NO_PIC = NO;
				GCC_NO_COMMON_BLOCKS = YES;
				GCC_OPTIMIZATION_LEVEL = 0;
				GCC_PREPROCESSOR_DEFINITIONS = (
					"DEBUG=1",
					"$(inherited)",
				);
				GCC_WARN_64_TO_32_BIT_CONVERSION = YES;
				GCC_WARN_ABOUT_RETURN_TYPE = YES_ERROR;
				GCC_WARN_UNDECLARED_SELECTOR = YES;
				GCC_WARN_UNINITIALIZED_AUTOS = YES_AGGRESSIVE;
				GCC_WARN_UNUSED_FUNCTION = YES;
				GCC_WARN_UNUSED_VARIABLE = YES;
				IPHONEOS_DEPLOYMENT_TARGET = 16.1;
				MTL_ENABLE_DEBUG_INFO = INCLUDE_SOURCE;
				MTL_FAST_MATH = YES;
				ONLY_ACTIVE_ARCH = YES;
				SDKROOT = iphoneos;
			};
			name = Debug;
		};
		0440907A29C2DA4500C5195C /* Release */ = {
			isa = XCBuildConfiguration;
			buildSettings = {
				ALWAYS_SEARCH_USER_PATHS = NO;
				CLANG_ANALYZER_NONNULL = YES;
				CLANG_ANALYZER_NUMBER_OBJECT_CONVERSION = YES_AGGRESSIVE;
				CLANG_CXX_LANGUAGE_STANDARD = "gnu++20";
				CLANG_ENABLE_MODULES = YES;
				CLANG_ENABLE_OBJC_ARC = YES;
				CLANG_ENABLE_OBJC_WEAK = YES;
				CLANG_WARN_BLOCK_CAPTURE_AUTORELEASING = YES;
				CLANG_WARN_BOOL_CONVERSION = YES;
				CLANG_WARN_COMMA = YES;
				CLANG_WARN_CONSTANT_CONVERSION = YES;
				CLANG_WARN_DEPRECATED_OBJC_IMPLEMENTATIONS = YES;
				CLANG_WARN_DIRECT_OBJC_ISA_USAGE = YES_ERROR;
				CLANG_WARN_DOCUMENTATION_COMMENTS = YES;
				CLANG_WARN_EMPTY_BODY = YES;
				CLANG_WARN_ENUM_CONVERSION = YES;
				CLANG_WARN_INFINITE_RECURSION = YES;
				CLANG_WARN_INT_CONVERSION = YES;
				CLANG_WARN_NON_LITERAL_NULL_CONVERSION = YES;
				CLANG_WARN_OBJC_IMPLICIT_RETAIN_SELF = YES;
				CLANG_WARN_OBJC_LITERAL_CONVERSION = YES;
				CLANG_WARN_OBJC_ROOT_CLASS = YES_ERROR;
				CLANG_WARN_QUOTED_INCLUDE_IN_FRAMEWORK_HEADER = YES;
				CLANG_WARN_RANGE_LOOP_ANALYSIS = YES;
				CLANG_WARN_STRICT_PROTOTYPES = YES;
				CLANG_WARN_SUSPICIOUS_MOVE = YES;
				CLANG_WARN_UNGUARDED_AVAILABILITY = YES_AGGRESSIVE;
				CLANG_WARN_UNREACHABLE_CODE = YES;
				CLANG_WARN__DUPLICATE_METHOD_MATCH = YES;
				COPY_PHASE_STRIP = NO;
				DEBUG_INFORMATION_FORMAT = "dwarf-with-dsym";
				ENABLE_NS_ASSERTIONS = NO;
				ENABLE_STRICT_OBJC_MSGSEND = YES;
				GCC_C_LANGUAGE_STANDARD = gnu11;
				GCC_NO_COMMON_BLOCKS = YES;
				GCC_WARN_64_TO_32_BIT_CONVERSION = YES;
				GCC_WARN_ABOUT_RETURN_TYPE = YES_ERROR;
				GCC_WARN_UNDECLARED_SELECTOR = YES;
				GCC_WARN_UNINITIALIZED_AUTOS = YES_AGGRESSIVE;
				GCC_WARN_UNUSED_FUNCTION = YES;
				GCC_WARN_UNUSED_VARIABLE = YES;
				IPHONEOS_DEPLOYMENT_TARGET = 16.1;
				MTL_ENABLE_DEBUG_INFO = NO;
				MTL_FAST_MATH = YES;
				SDKROOT = iphoneos;
				VALIDATE_PRODUCT = YES;
			};
			name = Release;
		};
		0440907C29C2DA4500C5195C /* Debug */ = {
			isa = XCBuildConfiguration;
			buildSettings = {
				ASSETCATALOG_COMPILER_APPICON_NAME = AppIcon;
				ASSETCATALOG_COMPILER_GLOBAL_ACCENT_COLOR_NAME = AccentColor;
				CODE_SIGN_IDENTITY = "Apple Development";
				CODE_SIGN_STYLE = Automatic;
				CURRENT_PROJECT_VERSION = 1;
				DEVELOPMENT_TEAM = X94Z28FLGK;
				GENERATE_INFOPLIST_FILE = YES;
				INFOPLIST_FILE = calayer/Info.plist;
				INFOPLIST_KEY_UIApplicationSupportsIndirectInputEvents = YES;
				INFOPLIST_KEY_UILaunchStoryboardName = LaunchScreen;
				INFOPLIST_KEY_UIMainStoryboardFile = Main;
				INFOPLIST_KEY_UISupportedInterfaceOrientations_iPad = "UIInterfaceOrientationPortrait UIInterfaceOrientationPortraitUpsideDown UIInterfaceOrientationLandscapeLeft UIInterfaceOrientationLandscapeRight";
				INFOPLIST_KEY_UISupportedInterfaceOrientations_iPhone = "UIInterfaceOrientationPortrait UIInterfaceOrientationLandscapeLeft UIInterfaceOrientationLandscapeRight";
				IPHONEOS_DEPLOYMENT_TARGET = 14.0;
				LD_RUNPATH_SEARCH_PATHS = (
					"$(inherited)",
					"@executable_path/Frameworks",
				);
				MARKETING_VERSION = 1.0;
				PRODUCT_BUNDLE_IDENTIFIER = com.heyooh.funchatapp;
				PRODUCT_NAME = "$(TARGET_NAME)";
				PROVISIONING_PROFILE_SPECIFIER = "";
				SWIFT_EMIT_LOC_STRINGS = YES;
				TARGETED_DEVICE_FAMILY = "1,2";
			};
			name = Debug;
		};
		0440907D29C2DA4500C5195C /* Release */ = {
			isa = XCBuildConfiguration;
			buildSettings = {
				ASSETCATALOG_COMPILER_APPICON_NAME = AppIcon;
				ASSETCATALOG_COMPILER_GLOBAL_ACCENT_COLOR_NAME = AccentColor;
				CODE_SIGN_IDENTITY = "Apple Development";
				CODE_SIGN_STYLE = Automatic;
				CURRENT_PROJECT_VERSION = 1;
				DEVELOPMENT_TEAM = X94Z28FLGK;
				GENERATE_INFOPLIST_FILE = YES;
				INFOPLIST_FILE = calayer/Info.plist;
				INFOPLIST_KEY_UIApplicationSupportsIndirectInputEvents = YES;
				INFOPLIST_KEY_UILaunchStoryboardName = LaunchScreen;
				INFOPLIST_KEY_UIMainStoryboardFile = Main;
				INFOPLIST_KEY_UISupportedInterfaceOrientations_iPad = "UIInterfaceOrientationPortrait UIInterfaceOrientationPortraitUpsideDown UIInterfaceOrientationLandscapeLeft UIInterfaceOrientationLandscapeRight";
				INFOPLIST_KEY_UISupportedInterfaceOrientations_iPhone = "UIInterfaceOrientationPortrait UIInterfaceOrientationLandscapeLeft UIInterfaceOrientationLandscapeRight";
				IPHONEOS_DEPLOYMENT_TARGET = 14.0;
				LD_RUNPATH_SEARCH_PATHS = (
					"$(inherited)",
					"@executable_path/Frameworks",
				);
				MARKETING_VERSION = 1.0;
				PRODUCT_BUNDLE_IDENTIFIER = com.heyooh.funchatapp;
				PRODUCT_NAME = "$(TARGET_NAME)";
				PROVISIONING_PROFILE_SPECIFIER = "";
				SWIFT_EMIT_LOC_STRINGS = YES;
				TARGETED_DEVICE_FAMILY = "1,2";
			};
			name = Release;
		};
/* End XCBuildConfiguration section */

/* Begin XCConfigurationList section */
		0440905D29C2DA4200C5195C /* Build configuration list for PBXProject "calayer" */ = {
			isa = XCConfigurationList;
			buildConfigurations = (
				0440907929C2DA4500C5195C /* Debug */,
				0440907A29C2DA4500C5195C /* Release */,
			);
			defaultConfigurationIsVisible = 0;
			defaultConfigurationName = Release;
		};
		0440907B29C2DA4500C5195C /* Build configuration list for PBXNativeTarget "calayer" */ = {
			isa = XCConfigurationList;
			buildConfigurations = (
				0440907C29C2DA4500C5195C /* Debug */,
				0440907D29C2DA4500C5195C /* Release */,
			);
			defaultConfigurationIsVisible = 0;
			defaultConfigurationName = Release;
		};
/* End XCConfigurationList section */
	};
	rootObject = 0440905A29C2DA4200C5195C /* Project object */;
}
